
Microsoft Visual Studio Solution File, Format Version 12.00
# Visual Studio Version 16
VisualStudioVersion = 16.0.30907.101
MinimumVisualStudioVersion = 10.0.40219.1
Project("{D954291E-2A0B-460D-934E-DC6B0785DB48}") = "voicemeeter remote api wrap", "voicemeeter remote api wrap\voicemeeter remote api wrap.shproj", "{28B74DFA-514F-49AB-B226-A3E5535E73DB}"
EndProject
Global
	GlobalSection(SharedMSBuildProjectFiles) = preSolution
		voicemeeter remote api wrap\voicemeeter remote api wrap.projitems*{28b74dfa-514f-49ab-b226-a3e5535e73db}*SharedItemsImports = 13
	EndGlobalSection
	GlobalSection(SolutionProperties) = preSolution
		HideSolutionNode = FALSE
	EndGlobalSection
	GlobalSection(ExtensibilityGlobals) = postSolution
		SolutionGuid = {94AAA4CF-A244-4466-9961-3BFA161627BC}
	EndGlobalSection
EndGlobal
